
Microsoft Visual Studio Solution File, Format Version 12.00
# Visual Studio Version 16
VisualStudioVersion = 16.0.31129.286
MinimumVisualStudioVersion = 10.0.40219.1
Project("{FAE04EC0-301F-11D3-BF4B-00C04F79EFBC}") = "Login Demo", "Login Demo\Login Demo.csproj", "{CA33048C-430A-4000-8D59-8C161519907F}"
EndProject
Global
	GlobalSection(SolutionConfigurationPlatforms) = preSolution
		Debug|Any CPU = Debug|Any CPU
		Release|Any CPU = Release|Any CPU
	EndGlobalSection
	GlobalSection(ProjectConfigurationPlatforms) = postSolution
		{CA33048C-430A-4000-8D59-8C161519907F}.Debug|Any CPU.ActiveCfg = Debug|Any CPU
		{CA33048C-430A-4000-8D59-8C161519907F}.Debug|Any CPU.Build.0 = Debug|Any CPU
		{CA33048C-430A-4000-8D59-8C161519907F}.Release|Any CPU.ActiveCfg = Release|Any CPU
		{CA33048C-430A-4000-8D59-8C161519907F}.Release|Any CPU.Build.0 = Release|Any CPU
	EndGlobalSection
	GlobalSection(SolutionProperties) = preSolution
		HideSolutionNode = FALSE
	EndGlobalSection
	GlobalSection(ExtensibilityGlobals) = postSolution
		SolutionGuid = {9BBB3A44-F2EB-4A9E-8578-B4148CBD4CB3}
	EndGlobalSection
EndGlobal
